<?xml version="1.0" encoding="utf-8"?>
<Project ToolsVersion="4.0" xmlns="http://schemas.microsoft.com/developer/msbuild/2003">
  <ItemGroup>
    <Filter Include="Source Files">
      <UniqueIdentifier>{8a552b7a-6fd9-40ba-a3c9-a7b5e89ae0c0}</UniqueIdentifier>
      <Extensions>cpp;c;cxx;rc;def;r;odl;idl;hpj;bat</Extensions>
    </Filter>
    <Filter Include="Header Files">
      <UniqueIdentifier>{8f2bb3fc-52b8-4d51-afb1-3563994b05ca}</UniqueIdentifier>
      <Extensions>h;hpp;hxx;hm;inl</Extensions>
    </Filter>
    <Filter Include="Resource Files">
      <UniqueIdentifier>{9011f855-ffc2-4dfc-8bc8-44e649d46cd5}</UniqueIdentifier>
      <Extensions>ico;cur;bmp;dlg;rc2;rct;bin;rgs;gif;jpg;jpeg;jpe</Extensions>
    </Filter>
    <Filter Include="Make files">
      <UniqueIdentifier>{5eb79e92-b5ea-4bc2-b134-06c427b9133d}</UniqueIdentifier>
      <Extensions>*.mak</Extensions>
    </Filter>
    <Filter Include="Lua Script">
      <UniqueIdentifier>{9120f91f-698d-4109-b0f3-bdb8010fd9c7}</UniqueIdentifier>
    </Filter>
  </ItemGroup>
  <ItemGroup>
    <ClCompile Include="..\source\apdbopr.cpp">
      <Filter>Source Files</Filter>
    </ClCompile>
    <ClCompile Include="..\source\bmcssn.cpp">
      <Filter>Source Files</Filter>
    </ClCompile>
    <ClCompile Include="..\source\cmcmussn.cpp">
      <Filter>Source Files</Filter>
    </ClCompile>
    <ClCompile Include="..\source\cmmaussn.cpp">
      <Filter>Source Files</Filter>
    </ClCompile>
    <ClCompile Include="..\source\cmussn.cpp">
      <Filter>Source Files</Filter>
    </ClCompile>
    <ClCompile Include="..\source\confinfodbopr.cpp">
      <Filter>Source Files</Filter>
    </ClCompile>
    <ClCompile Include="..\source\connmsadpssn.cpp">
      <Filter>Source Files</Filter>
    </ClCompile>
    <ClCompile Include="..\source\dbopr.cpp">
      <Filter>Source Files</Filter>
    </ClCompile>
    <ClCompile Include="..\source\hdussn.cpp">
      <Filter>Source Files</Filter>
    </ClCompile>
    <ClCompile Include="..\source\main.cpp">
      <Filter>Source Files</Filter>
    </ClCompile>
    <ClCompile Include="..\source\maudata.cpp">
      <Filter>Source Files</Filter>
    </ClCompile>
    <ClCompile Include="..\source\mauutility.cpp">
      <Filter>Source Files</Filter>
    </ClCompile>
    <ClCompile Include="..\source\mauvc.cpp">
      <Filter>Source Files</Filter>
    </ClCompile>
    <ClCompile Include="..\source\nussn.cpp">
      <Filter>Source Files</Filter>
    </ClCompile>
    <ClCompile Include="..\source\resmgrssn.cpp">
      <Filter>Source Files</Filter>
    </ClCompile>
    <ClCompile Include="..\source\templatedbopr.cpp">
      <Filter>Source Files</Filter>
    </ClCompile>
    <ClCompile Include="..\source\upussn.cpp">
      <Filter>Source Files</Filter>
    </ClCompile>
    <ClCompile Include="..\source\vmeetingdbopr.cpp">
      <Filter>Source Files</Filter>
    </ClCompile>
    <ClCompile Include="..\source\mautest.cpp">
      <Filter>Source Files</Filter>
    </ClCompile>
    <ClCompile Include="..\source\asyndbopr.cpp">
      <Filter>Source Files</Filter>
    </ClCompile>
    <ClCompile Include="..\source\bmclicense.cpp">
      <Filter>Source Files</Filter>
    </ClCompile>
    <ClCompile Include="..\source\redisadapter.cpp">
      <Filter>Source Files</Filter>
    </ClCompile>
    <ClCompile Include="..\source\inc.cpp">
      <Filter>Source Files</Filter>
    </ClCompile>
    <ClCompile Include="..\source\scheduledbopr.cpp">
      <Filter>Source Files</Filter>
    </ClCompile>
    <ClCompile Include="..\source\nppssn.cpp">
      <Filter>Source Files</Filter>
    </ClCompile>
  </ItemGroup>
  <ItemGroup>
    <ClInclude Include="..\include\apdbopr.h">
      <Filter>Header Files</Filter>
    </ClInclude>
    <ClInclude Include="..\include\bmcssn.h">
      <Filter>Header Files</Filter>
    </ClInclude>
    <ClInclude Include="..\include\cmcmussn.h">
      <Filter>Header Files</Filter>
    </ClInclude>
    <ClInclude Include="..\include\cmmaussn.h">
      <Filter>Header Files</Filter>
    </ClInclude>
    <ClInclude Include="..\include\cmussn.h">
      <Filter>Header Files</Filter>
    </ClInclude>
    <ClInclude Include="..\include\confinfodbopr.h">
      <Filter>Header Files</Filter>
    </ClInclude>
    <ClInclude Include="..\include\connmsadpssn.h">
      <Filter>Header Files</Filter>
    </ClInclude>
    <ClInclude Include="..\include\dbopr.h">
      <Filter>Header Files</Filter>
    </ClInclude>
    <ClInclude Include="..\..\..\10-common\include\mau\eventnumau.h">
      <Filter>Header Files</Filter>
    </ClInclude>
    <ClInclude Include="..\..\common\include\evmcumau.h">
      <Filter>Header Files</Filter>
    </ClInclude>
    <ClInclude Include="..\include\hdussn.h">
      <Filter>Header Files</Filter>
    </ClInclude>
    <ClInclude Include="..\..\common\include\jsontranslate.h">
      <Filter>Header Files</Filter>
    </ClInclude>
    <ClInclude Include="..\..\..\10-common\include\mau\maustruct.h">
      <Filter>Header Files</Filter>
    </ClInclude>
    <ClInclude Include="..\include\mauutility.h">
      <Filter>Header Files</Filter>
    </ClInclude>
    <ClInclude Include="..\include\mauvc.h">
      <Filter>Header Files</Filter>
    </ClInclude>
    <ClInclude Include="..\include\nussn.h">
      <Filter>Header Files</Filter>
    </ClInclude>
    <ClInclude Include="..\..\..\10-common\include\librabbitmq\rabbitmqwrapper.h">
      <Filter>Header Files</Filter>
    </ClInclude>
    <ClInclude Include="..\include\resmgrssn.h">
      <Filter>Header Files</Filter>
    </ClInclude>
    <ClInclude Include="..\include\templatedbopr.h">
      <Filter>Header Files</Filter>
    </ClInclude>
    <ClInclude Include="..\include\upussn.h">
      <Filter>Header Files</Filter>
    </ClInclude>
    <ClInclude Include="..\include\vmeetingdbopr.h">
      <Filter>Header Files</Filter>
    </ClInclude>
    <ClInclude Include="..\include\mautest.h">
      <Filter>Header Files</Filter>
    </ClInclude>
    <ClInclude Include="..\include\asyndbopr.h">
      <Filter>Header Files</Filter>
    </ClInclude>
    <ClInclude Include="..\..\..\10-common\include\mau\mauconst.h">
      <Filter>Header Files</Filter>
    </ClInclude>
    <ClInclude Include="..\include\bmclicense.h">
      <Filter>Header Files</Filter>
    </ClInclude>
    <ClInclude Include="..\include\ztemplatedaemon.h">
      <Filter>Header Files</Filter>
    </ClInclude>
    <ClInclude Include="..\..\..\10-common\include\mau\evmau.h">
      <Filter>Header Files</Filter>
    </ClInclude>
    <ClInclude Include="..\include\redisadapter.h">
      <Filter>Header Files</Filter>
    </ClInclude>
    <ClInclude Include="..\..\..\10-common\include\mau\mauerrcode.h">
      <Filter>Header Files</Filter>
    </ClInclude>
    <ClInclude Include="..\include\maudata.h">
      <Filter>Header Files</Filter>
    </ClInclude>
    <ClInclude Include="..\include\inc.h">
      <Filter>Header Files</Filter>
    </ClInclude>
    <ClInclude Include="..\include\scheduledbopr.h">
      <Filter>Header Files</Filter>
    </ClInclude>
    <ClInclude Include="..\include\nppssn.h">
      <Filter>Header Files</Filter>
    </ClInclude>
  </ItemGroup>
  <ItemGroup>
    <None Include="Makefile" />
    <None Include="..\prj_linux\Makefile" />
    <None Include="script\changeconfstate.lua">
      <Filter>Lua Script</Filter>
    </None>
    <None Include="script\createconf.lua">
      <Filter>Lua Script</Filter>
    </None>
    <None Include="script\getallmonitorinfo.lua">
      <Filter>Lua Script</Filter>
    </None>
    <None Include="script\getconfexinfo.lua">
      <Filter>Lua Script</Filter>
    </None>
    <None Include="script\getconflist.lua">
      <Filter>Lua Script</Filter>
    </None>
    <None Include="script\getconfnum.lua">
      <Filter>Lua Script</Filter>
    </None>
    <None Include="script\getdetailconfinfo.lua">
      <Filter>Lua Script</Filter>
    </None>
    <None Include="script\isconfexists.lua">
      <Filter>Lua Script</Filter>
    </None>
    <None Include="script\releaseconf.lua">
      <Filter>Lua Script</Filter>
    </None>
    <None Include="script\getconflistbycmu.lua">
      <Filter>Lua Script</Filter>
    </None>
    <None Include="script\constructe164.lua">
      <Filter>Lua Script</Filter>
    </None>
    <None Include="script\getallconfexinfo.lua">
      <Filter>Lua Script</Filter>
    </None>
    <None Include="script\getcmuconfnum.lua">
      <Filter>Lua Script</Filter>
    </None>
    <None Include="script\getconfmonitorsinfo.lua">
      <Filter>Lua Script</Filter>
    </None>
    <None Include="script\setmaxdomainconfnum.lua">
      <Filter>Lua Script</Filter>
    </None>
    <None Include="script\setmonitoralivetime.lua">
      <Filter>Lua Script</Filter>
    </None>
    <None Include="script\getbookconflist.lua">
      <Filter>Lua Script</Filter>
    </None>
    <None Include="script\getsimpleconflist.lua">
      <Filter>Lua Script</Filter>
    </None>
  </ItemGroup>
</Project>